
Microsoft Visual Studio Solution File, Format Version 12.00
# Visual Studio Version 16
VisualStudioVersion = 16.0.29025.244
MinimumVisualStudioVersion = 15.0.26124.0
Project("{9A19103F-16F7-4668-BE54-9A1E7A4F7556}") = "Server-MEF", "Server-MEF\Server-MEF.csproj", "{E7713170-CD96-4B4F-AC64-9AD964F7A762}"
EndProject
Project("{9A19103F-16F7-4668-BE54-9A1E7A4F7556}") = "Client-MEF", "Client-MEF\Client-MEF.csproj", "{0D6FD7D3-D158-41A5-9E2D-2D17149902E8}"
EndProject
Project("{9A19103F-16F7-4668-BE54-9A1E7A4F7556}") = "JSSoft.Communication", "JSSoft.Communication\JSSoft.Communication.csproj", "{46F9FF22-9DEB-4D24-84C1-5FD07F2A1993}"
EndProject
Project("{2150E333-8FDC-42A3-9474-1A3956D46DE8}") = "Modules", "Modules", "{8B3DE4D2-DD95-4C99-878D-5FF15EFF1128}"
EndProject
Project("{9A19103F-16F7-4668-BE54-9A1E7A4F7556}") = "Server", "Server\Server.csproj", "{49BBC2E5-4CE6-47EA-A427-0C3E88F22E19}"
EndProject
Project("{9A19103F-16F7-4668-BE54-9A1E7A4F7556}") = "Client", "Client\Client.csproj", "{CD2B8A1E-F105-4847-B820-8637C50670AD}"
EndProject
Project("{9A19103F-16F7-4668-BE54-9A1E7A4F7556}") = "Server-Simple", "Server-Simple\Server-Simple.csproj", "{70C77F8D-2AD0-41CB-9FD7-B33B384CF82D}"
EndProject
Project("{9A19103F-16F7-4668-BE54-9A1E7A4F7556}") = "Client-Simple", "Client-Simple\Client-Simple.csproj", "{DA9822EF-860E-499E-9DBB-218613FEDECF}"
EndProject
Project("{9A19103F-16F7-4668-BE54-9A1E7A4F7556}") = "JSSoft.Library", "..\JSSoft.Library\JSSoft.Library\JSSoft.Library.csproj", "{0BC47439-89C7-4F86-B5F5-BC9430B3174F}"
EndProject
Project("{9A19103F-16F7-4668-BE54-9A1E7A4F7556}") = "JSSoft.Library.Commands", "..\JSSoft.Library.Commands\JSSoft.Library.Commands\JSSoft.Library.Commands.csproj", "{AA8621C5-5D8E-4255-A49D-F47C9AF69163}"
EndProject
Project("{9A19103F-16F7-4668-BE54-9A1E7A4F7556}") = "JSSoft.Library.Random", "..\JSSoft.Library\JSSoft.Library.Random\JSSoft.Library.Random.csproj", "{F4C32182-EBC9-4704-9FEB-C98EBCCFE505}"
EndProject
Project("{D954291E-2A0B-460D-934E-DC6B0785DB48}") = "JSSoft.Communication.ConsoleApp", "Sharing\JSSoft.Communication.ConsoleApp\JSSoft.Communication.ConsoleApp.shproj", "{412D99D9-51A3-4419-96FA-F376E7EC8A50}"
EndProject
Project("{D954291E-2A0B-460D-934E-DC6B0785DB48}") = "JSSoft.Communication.Services.Client", "Sharing\JSSoft.Communication.Services.Client\JSSoft.Communication.Services.Client.shproj", "{99F4B5B3-6352-4626-9515-87BE06C53373}"
EndProject
Project("{D954291E-2A0B-460D-934E-DC6B0785DB48}") = "JSSoft.Communication.Services.Server", "Sharing\JSSoft.Communication.Services.Server\JSSoft.Communication.Services.Server.shproj", "{3A2CEA08-9CDF-420F-A989-56371A930A23}"
EndProject
Project("{D954291E-2A0B-460D-934E-DC6B0785DB48}") = "JSSoft.Communication.Services", "Sharing\JSSoft.Communication.Services\JSSoft.Communication.Services.shproj", "{2FFED165-D285-415D-B421-64D41B5199D0}"
EndProject
Project("{2150E333-8FDC-42A3-9474-1A3956D46DE8}") = "Sharing", "Sharing", "{B3300CF1-E467-447C-921A-44CEB3C7B91C}"
EndProject
Project("{2150E333-8FDC-42A3-9474-1A3956D46DE8}") = "Server", "Server", "{58AB978A-24CF-4CD7-990D-D4F7BF9F6379}"
EndProject
Project("{2150E333-8FDC-42A3-9474-1A3956D46DE8}") = "Client", "Client", "{2FDA1862-E2EB-4116-87E5-E78490986046}"
EndProject
Project("{D954291E-2A0B-460D-934E-DC6B0785DB48}") = "System.ComponentModel.Composition", "Sharing\System.ComponentModel.Composition\System.ComponentModel.Composition.shproj", "{754761F8-A3C9-45FD-8F5E-4F250A151BBD}"
EndProject
Project("{D954291E-2A0B-460D-934E-DC6B0785DB48}") = "JSSoft.Communication.ConsoleApp.Container", "Sharing\JSSoft.Communication.ConsoleApp.Container\JSSoft.Communication.ConsoleApp.Container.shproj", "{6661ADED-794E-4C2D-9AA7-66BE8F27AFAC}"
EndProject
Project("{D954291E-2A0B-460D-934E-DC6B0785DB48}") = "System.ComponentModel.Composition.Container", "Sharing\System.ComponentModel.Composition.Container\System.ComponentModel.Composition.Container.shproj", "{5B13B8F9-3CE1-4CA0-82A9-8B49E791DD04}"
EndProject
Global
	GlobalSection(SharedMSBuildProjectFiles) = preSolution
		Sharing\JSSoft.Communication.ConsoleApp.Container\JSSoft.Communication.ConsoleApp.Container.projitems*{0d6fd7d3-d158-41a5-9e2d-2d17149902e8}*SharedItemsImports = 5
		Sharing\JSSoft.Communication.ConsoleApp\JSSoft.Communication.ConsoleApp.projitems*{0d6fd7d3-d158-41a5-9e2d-2d17149902e8}*SharedItemsImports = 5
		Sharing\JSSoft.Communication.Services.Client\JSSoft.Communication.Services.Client.projitems*{0d6fd7d3-d158-41a5-9e2d-2d17149902e8}*SharedItemsImports = 5
		Sharing\JSSoft.Communication.Services\JSSoft.Communication.Services.projitems*{0d6fd7d3-d158-41a5-9e2d-2d17149902e8}*SharedItemsImports = 5
		Sharing\JSSoft.Communication.Services\JSSoft.Communication.Services.projitems*{2ffed165-d285-415d-b421-64d41b5199d0}*SharedItemsImports = 13
		Sharing\JSSoft.Communication.Services.Server\JSSoft.Communication.Services.Server.projitems*{3a2cea08-9cdf-420f-a989-56371a930a23}*SharedItemsImports = 13
		Sharing\JSSoft.Communication.ConsoleApp\JSSoft.Communication.ConsoleApp.projitems*{412d99d9-51a3-4419-96fa-f376e7ec8a50}*SharedItemsImports = 13
		Sharing\JSSoft.Communication.ConsoleApp\JSSoft.Communication.ConsoleApp.projitems*{49bbc2e5-4ce6-47ea-a427-0c3e88f22e19}*SharedItemsImports = 5
		Sharing\JSSoft.Communication.Services.Server\JSSoft.Communication.Services.Server.projitems*{49bbc2e5-4ce6-47ea-a427-0c3e88f22e19}*SharedItemsImports = 5
		Sharing\JSSoft.Communication.Services\JSSoft.Communication.Services.projitems*{49bbc2e5-4ce6-47ea-a427-0c3e88f22e19}*SharedItemsImports = 5
		Sharing\System.ComponentModel.Composition.Container\System.ComponentModel.Composition.Container.projitems*{49bbc2e5-4ce6-47ea-a427-0c3e88f22e19}*SharedItemsImports = 5
		Sharing\System.ComponentModel.Composition\System.ComponentModel.Composition.projitems*{49bbc2e5-4ce6-47ea-a427-0c3e88f22e19}*SharedItemsImports = 5
		Sharing\System.ComponentModel.Composition.Container\System.ComponentModel.Composition.Container.projitems*{5b13b8f9-3ce1-4ca0-82a9-8b49e791dd04}*SharedItemsImports = 13
		Sharing\JSSoft.Communication.ConsoleApp.Container\JSSoft.Communication.ConsoleApp.Container.projitems*{6661aded-794e-4c2d-9aa7-66be8f27afac}*SharedItemsImports = 13
		Sharing\JSSoft.Communication.Services.Server\JSSoft.Communication.Services.Server.projitems*{70c77f8d-2ad0-41cb-9fd7-b33b384cf82d}*SharedItemsImports = 5
		Sharing\JSSoft.Communication.Services\JSSoft.Communication.Services.projitems*{70c77f8d-2ad0-41cb-9fd7-b33b384cf82d}*SharedItemsImports = 5
		Sharing\System.ComponentModel.Composition\System.ComponentModel.Composition.projitems*{70c77f8d-2ad0-41cb-9fd7-b33b384cf82d}*SharedItemsImports = 5
		Sharing\System.ComponentModel.Composition\System.ComponentModel.Composition.projitems*{754761f8-a3c9-45fd-8f5e-4f250a151bbd}*SharedItemsImports = 13
		Sharing\JSSoft.Communication.Services.Client\JSSoft.Communication.Services.Client.projitems*{99f4b5b3-6352-4626-9515-87be06c53373}*SharedItemsImports = 13
		Sharing\JSSoft.Communication.ConsoleApp\JSSoft.Communication.ConsoleApp.projitems*{cd2b8a1e-f105-4847-b820-8637c50670ad}*SharedItemsImports = 5
		Sharing\JSSoft.Communication.Services.Client\JSSoft.Communication.Services.Client.projitems*{cd2b8a1e-f105-4847-b820-8637c50670ad}*SharedItemsImports = 5
		Sharing\JSSoft.Communication.Services\JSSoft.Communication.Services.projitems*{cd2b8a1e-f105-4847-b820-8637c50670ad}*SharedItemsImports = 5
		Sharing\System.ComponentModel.Composition.Container\System.ComponentModel.Composition.Container.projitems*{cd2b8a1e-f105-4847-b820-8637c50670ad}*SharedItemsImports = 5
		Sharing\System.ComponentModel.Composition\System.ComponentModel.Composition.projitems*{cd2b8a1e-f105-4847-b820-8637c50670ad}*SharedItemsImports = 5
		Sharing\JSSoft.Communication.Services.Client\JSSoft.Communication.Services.Client.projitems*{da9822ef-860e-499e-9dbb-218613fedecf}*SharedItemsImports = 5
		Sharing\JSSoft.Communication.Services\JSSoft.Communication.Services.projitems*{da9822ef-860e-499e-9dbb-218613fedecf}*SharedItemsImports = 5
		Sharing\System.ComponentModel.Composition\System.ComponentModel.Composition.projitems*{da9822ef-860e-499e-9dbb-218613fedecf}*SharedItemsImports = 5
		Sharing\JSSoft.Communication.ConsoleApp.Container\JSSoft.Communication.ConsoleApp.Container.projitems*{e7713170-cd96-4b4f-ac64-9ad964f7a762}*SharedItemsImports = 5
		Sharing\JSSoft.Communication.ConsoleApp\JSSoft.Communication.ConsoleApp.projitems*{e7713170-cd96-4b4f-ac64-9ad964f7a762}*SharedItemsImports = 5
		Sharing\JSSoft.Communication.Services.Server\JSSoft.Communication.Services.Server.projitems*{e7713170-cd96-4b4f-ac64-9ad964f7a762}*SharedItemsImports = 5
		Sharing\JSSoft.Communication.Services\JSSoft.Communication.Services.projitems*{e7713170-cd96-4b4f-ac64-9ad964f7a762}*SharedItemsImports = 5
	EndGlobalSection
	GlobalSection(SolutionConfigurationPlatforms) = preSolution
		Debug|Any CPU = Debug|Any CPU
		Debug|x64 = Debug|x64
		Debug|x86 = Debug|x86
		Release|Any CPU = Release|Any CPU
		Release|x64 = Release|x64
		Release|x86 = Release|x86
	EndGlobalSection
	GlobalSection(ProjectConfigurationPlatforms) = postSolution
		{E7713170-CD96-4B4F-AC64-9AD964F7A762}.Debug|Any CPU.ActiveCfg = Debug|Any CPU
		{E7713170-CD96-4B4F-AC64-9AD964F7A762}.Debug|Any CPU.Build.0 = Debug|Any CPU
		{E7713170-CD96-4B4F-AC64-9AD964F7A762}.Debug|x64.ActiveCfg = Debug|Any CPU
		{E7713170-CD96-4B4F-AC64-9AD964F7A762}.Debug|x64.Build.0 = Debug|Any CPU
		{E7713170-CD96-4B4F-AC64-9AD964F7A762}.Debug|x86.ActiveCfg = Debug|Any CPU
		{E7713170-CD96-4B4F-AC64-9AD964F7A762}.Debug|x86.Build.0 = Debug|Any CPU
		{E7713170-CD96-4B4F-AC64-9AD964F7A762}.Release|Any CPU.ActiveCfg = Release|Any CPU
		{E7713170-CD96-4B4F-AC64-9AD964F7A762}.Release|Any CPU.Build.0 = Release|Any CPU
		{E7713170-CD96-4B4F-AC64-9AD964F7A762}.Release|x64.ActiveCfg = Release|Any CPU
		{E7713170-CD96-4B4F-AC64-9AD964F7A762}.Release|x64.Build.0 = Release|Any CPU
		{E7713170-CD96-4B4F-AC64-9AD964F7A762}.Release|x86.ActiveCfg = Release|Any CPU
		{E7713170-CD96-4B4F-AC64-9AD964F7A762}.Release|x86.Build.0 = Release|Any CPU
		{0D6FD7D3-D158-41A5-9E2D-2D17149902E8}.Debug|Any CPU.ActiveCfg = Debug|Any CPU
		{0D6FD7D3-D158-41A5-9E2D-2D17149902E8}.Debug|Any CPU.Build.0 = Debug|Any CPU
		{0D6FD7D3-D158-41A5-9E2D-2D17149902E8}.Debug|x64.ActiveCfg = Debug|Any CPU
		{0D6FD7D3-D158-41A5-9E2D-2D17149902E8}.Debug|x64.Build.0 = Debug|Any CPU
		{0D6FD7D3-D158-41A5-9E2D-2D17149902E8}.Debug|x86.ActiveCfg = Debug|Any CPU
		{0D6FD7D3-D158-41A5-9E2D-2D17149902E8}.Debug|x86.Build.0 = Debug|Any CPU
		{0D6FD7D3-D158-41A5-9E2D-2D17149902E8}.Release|Any CPU.ActiveCfg = Release|Any CPU
		{0D6FD7D3-D158-41A5-9E2D-2D17149902E8}.Release|Any CPU.Build.0 = Release|Any CPU
		{0D6FD7D3-D158-41A5-9E2D-2D17149902E8}.Release|x64.ActiveCfg = Release|Any CPU
		{0D6FD7D3-D158-41A5-9E2D-2D17149902E8}.Release|x64.Build.0 = Release|Any CPU
		{0D6FD7D3-D158-41A5-9E2D-2D17149902E8}.Release|x86.ActiveCfg = Release|Any CPU
		{0D6FD7D3-D158-41A5-9E2D-2D17149902E8}.Release|x86.Build.0 = Release|Any CPU
		{46F9FF22-9DEB-4D24-84C1-5FD07F2A1993}.Debug|Any CPU.ActiveCfg = Debug|Any CPU
		{46F9FF22-9DEB-4D24-84C1-5FD07F2A1993}.Debug|Any CPU.Build.0 = Debug|Any CPU
		{46F9FF22-9DEB-4D24-84C1-5FD07F2A1993}.Debug|x64.ActiveCfg = Debug|Any CPU
		{46F9FF22-9DEB-4D24-84C1-5FD07F2A1993}.Debug|x64.Build.0 = Debug|Any CPU
		{46F9FF22-9DEB-4D24-84C1-5FD07F2A1993}.Debug|x86.ActiveCfg = Debug|Any CPU
		{46F9FF22-9DEB-4D24-84C1-5FD07F2A1993}.Debug|x86.Build.0 = Debug|Any CPU
		{46F9FF22-9DEB-4D24-84C1-5FD07F2A1993}.Release|Any CPU.ActiveCfg = Release|Any CPU
		{46F9FF22-9DEB-4D24-84C1-5FD07F2A1993}.Release|Any CPU.Build.0 = Release|Any CPU
		{46F9FF22-9DEB-4D24-84C1-5FD07F2A1993}.Release|x64.ActiveCfg = Release|Any CPU
		{46F9FF22-9DEB-4D24-84C1-5FD07F2A1993}.Release|x64.Build.0 = Release|Any CPU
		{46F9FF22-9DEB-4D24-84C1-5FD07F2A1993}.Release|x86.ActiveCfg = Release|Any CPU
		{46F9FF22-9DEB-4D24-84C1-5FD07F2A1993}.Release|x86.Build.0 = Release|Any CPU
		{49BBC2E5-4CE6-47EA-A427-0C3E88F22E19}.Debug|Any CPU.ActiveCfg = Debug|Any CPU
		{49BBC2E5-4CE6-47EA-A427-0C3E88F22E19}.Debug|Any CPU.Build.0 = Debug|Any CPU
		{49BBC2E5-4CE6-47EA-A427-0C3E88F22E19}.Debug|x64.ActiveCfg = Debug|Any CPU
		{49BBC2E5-4CE6-47EA-A427-0C3E88F22E19}.Debug|x64.Build.0 = Debug|Any CPU
		{49BBC2E5-4CE6-47EA-A427-0C3E88F22E19}.Debug|x86.ActiveCfg = Debug|Any CPU
		{49BBC2E5-4CE6-47EA-A427-0C3E88F22E19}.Debug|x86.Build.0 = Debug|Any CPU
		{49BBC2E5-4CE6-47EA-A427-0C3E88F22E19}.Release|Any CPU.ActiveCfg = Release|Any CPU
		{49BBC2E5-4CE6-47EA-A427-0C3E88F22E19}.Release|Any CPU.Build.0 = Release|Any CPU
		{49BBC2E5-4CE6-47EA-A427-0C3E88F22E19}.Release|x64.ActiveCfg = Release|Any CPU
		{49BBC2E5-4CE6-47EA-A427-0C3E88F22E19}.Release|x64.Build.0 = Release|Any CPU
		{49BBC2E5-4CE6-47EA-A427-0C3E88F22E19}.Release|x86.ActiveCfg = Release|Any CPU
		{49BBC2E5-4CE6-47EA-A427-0C3E88F22E19}.Release|x86.Build.0 = Release|Any CPU
		{CD2B8A1E-F105-4847-B820-8637C50670AD}.Debug|Any CPU.ActiveCfg = Debug|Any CPU
		{CD2B8A1E-F105-4847-B820-8637C50670AD}.Debug|Any CPU.Build.0 = Debug|Any CPU
		{CD2B8A1E-F105-4847-B820-8637C50670AD}.Debug|x64.ActiveCfg = Debug|Any CPU
		{CD2B8A1E-F105-4847-B820-8637C50670AD}.Debug|x64.Build.0 = Debug|Any CPU
		{CD2B8A1E-F105-4847-B820-8637C50670AD}.Debug|x86.ActiveCfg = Debug|Any CPU
		{CD2B8A1E-F105-4847-B820-8637C50670AD}.Debug|x86.Build.0 = Debug|Any CPU
		{CD2B8A1E-F105-4847-B820-8637C50670AD}.Release|Any CPU.ActiveCfg = Release|Any CPU
		{CD2B8A1E-F105-4847-B820-8637C50670AD}.Release|Any CPU.Build.0 = Release|Any CPU
		{CD2B8A1E-F105-4847-B820-8637C50670AD}.Release|x64.ActiveCfg = Release|Any CPU
		{CD2B8A1E-F105-4847-B820-8637C50670AD}.Release|x64.Build.0 = Release|Any CPU
		{CD2B8A1E-F105-4847-B820-8637C50670AD}.Release|x86.ActiveCfg = Release|Any CPU
		{CD2B8A1E-F105-4847-B820-8637C50670AD}.Release|x86.Build.0 = Release|Any CPU
		{70C77F8D-2AD0-41CB-9FD7-B33B384CF82D}.Debug|Any CPU.ActiveCfg = Debug|Any CPU
		{70C77F8D-2AD0-41CB-9FD7-B33B384CF82D}.Debug|Any CPU.Build.0 = Debug|Any CPU
		{70C77F8D-2AD0-41CB-9FD7-B33B384CF82D}.Debug|x64.ActiveCfg = Debug|Any CPU
		{70C77F8D-2AD0-41CB-9FD7-B33B384CF82D}.Debug|x64.Build.0 = Debug|Any CPU
		{70C77F8D-2AD0-41CB-9FD7-B33B384CF82D}.Debug|x86.ActiveCfg = Debug|Any CPU
		{70C77F8D-2AD0-41CB-9FD7-B33B384CF82D}.Debug|x86.Build.0 = Debug|Any CPU
		{70C77F8D-2AD0-41CB-9FD7-B33B384CF82D}.Release|Any CPU.ActiveCfg = Release|Any CPU
		{70C77F8D-2AD0-41CB-9FD7-B33B384CF82D}.Release|Any CPU.Build.0 = Release|Any CPU
		{70C77F8D-2AD0-41CB-9FD7-B33B384CF82D}.Release|x64.ActiveCfg = Release|Any CPU
		{70C77F8D-2AD0-41CB-9FD7-B33B384CF82D}.Release|x64.Build.0 = Release|Any CPU
		{70C77F8D-2AD0-41CB-9FD7-B33B384CF82D}.Release|x86.ActiveCfg = Release|Any CPU
		{70C77F8D-2AD0-41CB-9FD7-B33B384CF82D}.Release|x86.Build.0 = Release|Any CPU
		{DA9822EF-860E-499E-9DBB-218613FEDECF}.Debug|Any CPU.ActiveCfg = Debug|Any CPU
		{DA9822EF-860E-499E-9DBB-218613FEDECF}.Debug|Any CPU.Build.0 = Debug|Any CPU
		{DA9822EF-860E-499E-9DBB-218613FEDECF}.Debug|x64.ActiveCfg = Debug|Any CPU
		{DA9822EF-860E-499E-9DBB-218613FEDECF}.Debug|x64.Build.0 = Debug|Any CPU
		{DA9822EF-860E-499E-9DBB-218613FEDECF}.Debug|x86.ActiveCfg = Debug|Any CPU
		{DA9822EF-860E-499E-9DBB-218613FEDECF}.Debug|x86.Build.0 = Debug|Any CPU
		{DA9822EF-860E-499E-9DBB-218613FEDECF}.Release|Any CPU.ActiveCfg = Release|Any CPU
		{DA9822EF-860E-499E-9DBB-218613FEDECF}.Release|Any CPU.Build.0 = Release|Any CPU
		{DA9822EF-860E-499E-9DBB-218613FEDECF}.Release|x64.ActiveCfg = Release|Any CPU
		{DA9822EF-860E-499E-9DBB-218613FEDECF}.Release|x64.Build.0 = Release|Any CPU
		{DA9822EF-860E-499E-9DBB-218613FEDECF}.Release|x86.ActiveCfg = Release|Any CPU
		{DA9822EF-860E-499E-9DBB-218613FEDECF}.Release|x86.Build.0 = Release|Any CPU
		{0BC47439-89C7-4F86-B5F5-BC9430B3174F}.Debug|Any CPU.ActiveCfg = Debug|Any CPU
		{0BC47439-89C7-4F86-B5F5-BC9430B3174F}.Debug|Any CPU.Build.0 = Debug|Any CPU
		{0BC47439-89C7-4F86-B5F5-BC9430B3174F}.Debug|x64.ActiveCfg = Debug|Any CPU
		{0BC47439-89C7-4F86-B5F5-BC9430B3174F}.Debug|x64.Build.0 = Debug|Any CPU
		{0BC47439-89C7-4F86-B5F5-BC9430B3174F}.Debug|x86.ActiveCfg = Debug|Any CPU
		{0BC47439-89C7-4F86-B5F5-BC9430B3174F}.Debug|x86.Build.0 = Debug|Any CPU
		{0BC47439-89C7-4F86-B5F5-BC9430B3174F}.Release|Any CPU.ActiveCfg = Release|Any CPU
		{0BC47439-89C7-4F86-B5F5-BC9430B3174F}.Release|Any CPU.Build.0 = Release|Any CPU
		{0BC47439-89C7-4F86-B5F5-BC9430B3174F}.Release|x64.ActiveCfg = Release|Any CPU
		{0BC47439-89C7-4F86-B5F5-BC9430B3174F}.Release|x64.Build.0 = Release|Any CPU
		{0BC47439-89C7-4F86-B5F5-BC9430B3174F}.Release|x86.ActiveCfg = Release|Any CPU
		{0BC47439-89C7-4F86-B5F5-BC9430B3174F}.Release|x86.Build.0 = Release|Any CPU
		{AA8621C5-5D8E-4255-A49D-F47C9AF69163}.Debug|Any CPU.ActiveCfg = Debug|Any CPU
		{AA8621C5-5D8E-4255-A49D-F47C9AF69163}.Debug|Any CPU.Build.0 = Debug|Any CPU
		{AA8621C5-5D8E-4255-A49D-F47C9AF69163}.Debug|x64.ActiveCfg = Debug|Any CPU
		{AA8621C5-5D8E-4255-A49D-F47C9AF69163}.Debug|x64.Build.0 = Debug|Any CPU
		{AA8621C5-5D8E-4255-A49D-F47C9AF69163}.Debug|x86.ActiveCfg = Debug|Any CPU
		{AA8621C5-5D8E-4255-A49D-F47C9AF69163}.Debug|x86.Build.0 = Debug|Any CPU
		{AA8621C5-5D8E-4255-A49D-F47C9AF69163}.Release|Any CPU.ActiveCfg = Release|Any CPU
		{AA8621C5-5D8E-4255-A49D-F47C9AF69163}.Release|Any CPU.Build.0 = Release|Any CPU
		{AA8621C5-5D8E-4255-A49D-F47C9AF69163}.Release|x64.ActiveCfg = Release|Any CPU
		{AA8621C5-5D8E-4255-A49D-F47C9AF69163}.Release|x64.Build.0 = Release|Any CPU
		{AA8621C5-5D8E-4255-A49D-F47C9AF69163}.Release|x86.ActiveCfg = Release|Any CPU
		{AA8621C5-5D8E-4255-A49D-F47C9AF69163}.Release|x86.Build.0 = Release|Any CPU
		{F4C32182-EBC9-4704-9FEB-C98EBCCFE505}.Debug|Any CPU.ActiveCfg = Debug|Any CPU
		{F4C32182-EBC9-4704-9FEB-C98EBCCFE505}.Debug|Any CPU.Build.0 = Debug|Any CPU
		{F4C32182-EBC9-4704-9FEB-C98EBCCFE505}.Debug|x64.ActiveCfg = Debug|Any CPU
		{F4C32182-EBC9-4704-9FEB-C98EBCCFE505}.Debug|x64.Build.0 = Debug|Any CPU
		{F4C32182-EBC9-4704-9FEB-C98EBCCFE505}.Debug|x86.ActiveCfg = Debug|Any CPU
		{F4C32182-EBC9-4704-9FEB-C98EBCCFE505}.Debug|x86.Build.0 = Debug|Any CPU
		{F4C32182-EBC9-4704-9FEB-C98EBCCFE505}.Release|Any CPU.ActiveCfg = Release|Any CPU
		{F4C32182-EBC9-4704-9FEB-C98EBCCFE505}.Release|Any CPU.Build.0 = Release|Any CPU
		{F4C32182-EBC9-4704-9FEB-C98EBCCFE505}.Release|x64.ActiveCfg = Release|Any CPU
		{F4C32182-EBC9-4704-9FEB-C98EBCCFE505}.Release|x64.Build.0 = Release|Any CPU
		{F4C32182-EBC9-4704-9FEB-C98EBCCFE505}.Release|x86.ActiveCfg = Release|Any CPU
		{F4C32182-EBC9-4704-9FEB-C98EBCCFE505}.Release|x86.Build.0 = Release|Any CPU
	EndGlobalSection
	GlobalSection(SolutionProperties) = preSolution
		HideSolutionNode = FALSE
	EndGlobalSection
	GlobalSection(NestedProjects) = preSolution
		{E7713170-CD96-4B4F-AC64-9AD964F7A762} = {58AB978A-24CF-4CD7-990D-D4F7BF9F6379}
		{0D6FD7D3-D158-41A5-9E2D-2D17149902E8} = {2FDA1862-E2EB-4116-87E5-E78490986046}
		{46F9FF22-9DEB-4D24-84C1-5FD07F2A1993} = {8B3DE4D2-DD95-4C99-878D-5FF15EFF1128}
		{49BBC2E5-4CE6-47EA-A427-0C3E88F22E19} = {58AB978A-24CF-4CD7-990D-D4F7BF9F6379}
		{CD2B8A1E-F105-4847-B820-8637C50670AD} = {2FDA1862-E2EB-4116-87E5-E78490986046}
		{70C77F8D-2AD0-41CB-9FD7-B33B384CF82D} = {58AB978A-24CF-4CD7-990D-D4F7BF9F6379}
		{DA9822EF-860E-499E-9DBB-218613FEDECF} = {2FDA1862-E2EB-4116-87E5-E78490986046}
		{0BC47439-89C7-4F86-B5F5-BC9430B3174F} = {8B3DE4D2-DD95-4C99-878D-5FF15EFF1128}
		{AA8621C5-5D8E-4255-A49D-F47C9AF69163} = {8B3DE4D2-DD95-4C99-878D-5FF15EFF1128}
		{F4C32182-EBC9-4704-9FEB-C98EBCCFE505} = {8B3DE4D2-DD95-4C99-878D-5FF15EFF1128}
		{412D99D9-51A3-4419-96FA-F376E7EC8A50} = {B3300CF1-E467-447C-921A-44CEB3C7B91C}
		{99F4B5B3-6352-4626-9515-87BE06C53373} = {B3300CF1-E467-447C-921A-44CEB3C7B91C}
		{3A2CEA08-9CDF-420F-A989-56371A930A23} = {B3300CF1-E467-447C-921A-44CEB3C7B91C}
		{2FFED165-D285-415D-B421-64D41B5199D0} = {B3300CF1-E467-447C-921A-44CEB3C7B91C}
		{754761F8-A3C9-45FD-8F5E-4F250A151BBD} = {B3300CF1-E467-447C-921A-44CEB3C7B91C}
		{6661ADED-794E-4C2D-9AA7-66BE8F27AFAC} = {B3300CF1-E467-447C-921A-44CEB3C7B91C}
		{5B13B8F9-3CE1-4CA0-82A9-8B49E791DD04} = {B3300CF1-E467-447C-921A-44CEB3C7B91C}
	EndGlobalSection
	GlobalSection(ExtensibilityGlobals) = postSolution
		SolutionGuid = {31A49F4B-E896-49EF-989A-CF426E43F01B}
	EndGlobalSection
EndGlobal
